// !$*UTF8*$!
{
	archiveVersion = 1;
	classes = {
	};
	objectVersion = 51;
	objects = {

/* Begin PBXBuildFile section */
		608CEFCE63F5591854E9B2A6 /* libPods-BothTableViewDemo.a in Frameworks */ = {isa = PBXBuildFile; fileRef = 7139B3A5098CE03EA2F63CA2 /* libPods-BothTableViewDemo.a */; };
		7A773BB72302DF930038D9E5 /* Assets.xcassets in Resources */ = {isa = PBXBuildFile; fileRef = 7A773BB62302DF930038D9E5 /* Assets.xcassets */; };
		7A773BBD2302DF930038D9E5 /* main.m in Sources */ = {isa = PBXBuildFile; fileRef = 7A773BBC2302DF930038D9E5 /* main.m */; };
		7ABAD7FA2302E6D400FB23E4 /* AppDelegate.m in Sources */ = {isa = PBXBuildFile; fileRef = 7ABAD7F32302E6D400FB23E4 /* AppDelegate.m */; };
		7ABAD7FB2302E6D400FB23E4 /* ZCViewController.m in Sources */ = {isa = PBXBuildFile; fileRef = 7ABAD7F52302E6D400FB23E4 /* ZCViewController.m */; };
		7ABAD7FC2302E6D400FB23E4 /* ZCViewController.xib in Resources */ = {isa = PBXBuildFile; fileRef = 7ABAD7F62302E6D400FB23E4 /* ZCViewController.xib */; };
		7ABAD8002302E70100FB23E4 /* ZCTagCell.m in Sources */ = {isa = PBXBuildFile; fileRef = 7ABAD7FE2302E70100FB23E4 /* ZCTagCell.m */; };
		7ABAD8012302E70100FB23E4 /* ZCTagCell.xib in Resources */ = {isa = PBXBuildFile; fileRef = 7ABAD7FF2302E70100FB23E4 /* ZCTagCell.xib */; };
		7ABAD8042302E7C800FB23E4 /* ZCTagModel.m in Sources */ = {isa = PBXBuildFile; fileRef = 7ABAD8032302E7C800FB23E4 /* ZCTagModel.m */; };
		7ABAD8062302EC7D00FB23E4 /* Foundation+Log.m in Sources */ = {isa = PBXBuildFile; fileRef = 7ABAD8052302EC7D00FB23E4 /* Foundation+Log.m */; };
		7ABAD8092302F25F00FB23E4 /* PrintBeautifulLog.m in Sources */ = {isa = PBXBuildFile; fileRef = 7ABAD8082302F25F00FB23E4 /* PrintBeautifulLog.m */; };
/* End PBXBuildFile section */

/* Begin PBXFileReference section */
		48BF342744E44EC6ADDA25DA /* Pods-BothTableViewDemo.release.xcconfig */ = {isa = PBXFileReference; includeInIndex = 1; lastKnownFileType = text.xcconfig; name = "Pods-BothTableViewDemo.release.xcconfig"; path = "Target Support Files/Pods-BothTableViewDemo/Pods-BothTableViewDemo.release.xcconfig"; sourceTree = "<group>"; };
		7139B3A5098CE03EA2F63CA2 /* libPods-BothTableViewDemo.a */ = {isa = PBXFileReference; explicitFileType = archive.ar; includeInIndex = 0; path = "libPods-BothTableViewDemo.a"; sourceTree = BUILT_PRODUCTS_DIR; };
		7A773BAA2302DF920038D9E5 /* BothTableViewDemo.app */ = {isa = PBXFileReference; explicitFileType = wrapper.application; includeInIndex = 0; path = BothTableViewDemo.app; sourceTree = BUILT_PRODUCTS_DIR; };
		7A773BB62302DF930038D9E5 /* Assets.xcassets */ = {isa = PBXFileReference; lastKnownFileType = folder.assetcatalog; path = Assets.xcassets; sourceTree = "<group>"; };
		7A773BBB2302DF930038D9E5 /* Info.plist */ = {isa = PBXFileReference; lastKnownFileType = text.plist.xml; path = Info.plist; sourceTree = "<group>"; };
		7A773BBC2302DF930038D9E5 /* main.m */ = {isa = PBXFileReference; lastKnownFileType = sourcecode.c.objc; path = main.m; sourceTree = "<group>"; };
		7ABAD7F22302E6D400FB23E4 /* AppDelegate.h */ = {isa = PBXFileReference; fileEncoding = 4; lastKnownFileType = sourcecode.c.h; path = AppDelegate.h; sourceTree = "<group>"; };
		7ABAD7F32302E6D400FB23E4 /* AppDelegate.m */ = {isa = PBXFileReference; fileEncoding = 4; lastKnownFileType = sourcecode.c.objc; path = AppDelegate.m; sourceTree = "<group>"; };
		7ABAD7F52302E6D400FB23E4 /* ZCViewController.m */ = {isa = PBXFileReference; fileEncoding = 4; lastKnownFileType = sourcecode.c.objc; path = ZCViewController.m; sourceTree = "<group>"; };
		7ABAD7F62302E6D400FB23E4 /* ZCViewController.xib */ = {isa = PBXFileReference; fileEncoding = 4; lastKnownFileType = file.xib; path = ZCViewController.xib; sourceTree = "<group>"; };
		7ABAD7F72302E6D400FB23E4 /* ZCViewController.h */ = {isa = PBXFileReference; fileEncoding = 4; lastKnownFileType = sourcecode.c.h; path = ZCViewController.h; sourceTree = "<group>"; };
		7ABAD7FD2302E70100FB23E4 /* ZCTagCell.h */ = {isa = PBXFileReference; lastKnownFileType = sourcecode.c.h; path = ZCTagCell.h; sourceTree = "<group>"; };
		7ABAD7FE2302E70100FB23E4 /* ZCTagCell.m */ = {isa = PBXFileReference; lastKnownFileType = sourcecode.c.objc; path = ZCTagCell.m; sourceTree = "<group>"; };
		7ABAD7FF2302E70100FB23E4 /* ZCTagCell.xib */ = {isa = PBXFileReference; lastKnownFileType = file.xib; path = ZCTagCell.xib; sourceTree = "<group>"; };
		7ABAD8022302E7C800FB23E4 /* ZCTagModel.h */ = {isa = PBXFileReference; lastKnownFileType = sourcecode.c.h; path = ZCTagModel.h; sourceTree = "<group>"; };
		7ABAD8032302E7C800FB23E4 /* ZCTagModel.m */ = {isa = PBXFileReference; lastKnownFileType = sourcecode.c.objc; path = ZCTagModel.m; sourceTree = "<group>"; };
		7ABAD8052302EC7D00FB23E4 /* Foundation+Log.m */ = {isa = PBXFileReference; fileEncoding = 4; lastKnownFileType = sourcecode.c.objc; path = "Foundation+Log.m"; sourceTree = "<group>"; };
		7ABAD8072302F25F00FB23E4 /* PrintBeautifulLog.h */ = {isa = PBXFileReference; fileEncoding = 4; lastKnownFileType = sourcecode.c.h; path = PrintBeautifulLog.h; sourceTree = "<group>"; };
		7ABAD8082302F25F00FB23E4 /* PrintBeautifulLog.m */ = {isa = PBXFileReference; fileEncoding = 4; lastKnownFileType = sourcecode.c.objc; path = PrintBeautifulLog.m; sourceTree = "<group>"; };
		EA8F402226E39B42365A86E7 /* Pods-BothTableViewDemo.debug.xcconfig */ = {isa = PBXFileReference; includeInIndex = 1; lastKnownFileType = text.xcconfig; name = "Pods-BothTableViewDemo.debug.xcconfig"; path = "Target Support Files/Pods-BothTableViewDemo/Pods-BothTableViewDemo.debug.xcconfig"; sourceTree = "<group>"; };
/* End PBXFileReference section */

/* Begin PBXFrameworksBuildPhase section */
		7A773BA72302DF920038D9E5 /* Frameworks */ = {
			isa = PBXFrameworksBuildPhase;
			buildActionMask = 2147483647;
			files = (
				608CEFCE63F5591854E9B2A6 /* libPods-BothTableViewDemo.a in Frameworks */,
			);
			runOnlyForDeploymentPostprocessing = 0;
		};
/* End PBXFrameworksBuildPhase section */

/* Begin PBXGroup section */
		234338FB93A744BC02301592 /* Frameworks */ = {
			isa = PBXGroup;
			children = (
				7139B3A5098CE03EA2F63CA2 /* libPods-BothTableViewDemo.a */,
			);
			name = Frameworks;
			sourceTree = "<group>";
		};
		570887403ECAACEB913B5B14 /* Pods */ = {
			isa = PBXGroup;
			children = (
				EA8F402226E39B42365A86E7 /* Pods-BothTableViewDemo.debug.xcconfig */,
				48BF342744E44EC6ADDA25DA /* Pods-BothTableViewDemo.release.xcconfig */,
			);
			path = Pods;
			sourceTree = "<group>";
		};
		7A773BA12302DF920038D9E5 = {
			isa = PBXGroup;
			children = (
				7A773BAC2302DF920038D9E5 /* BothTableViewDemo */,
				7A773BAB2302DF920038D9E5 /* Products */,
				570887403ECAACEB913B5B14 /* Pods */,
				234338FB93A744BC02301592 /* Frameworks */,
			);
			sourceTree = "<group>";
		};
		7A773BAB2302DF920038D9E5 /* Products */ = {
			isa = PBXGroup;
			children = (
				7A773BAA2302DF920038D9E5 /* BothTableViewDemo.app */,
			);
			name = Products;
			sourceTree = "<group>";
		};
		7A773BAC2302DF920038D9E5 /* BothTableViewDemo */ = {
			isa = PBXGroup;
			children = (
				7ABAD7F02302E6D400FB23E4 /* Classes */,
				7A773BB62302DF930038D9E5 /* Assets.xcassets */,
				7A773BBB2302DF930038D9E5 /* Info.plist */,
				7A773BBC2302DF930038D9E5 /* main.m */,
			);
			path = BothTableViewDemo;
			sourceTree = "<group>";
		};
		7ABAD7F02302E6D400FB23E4 /* Classes */ = {
			isa = PBXGroup;
			children = (
				7ABAD7F12302E6D400FB23E4 /* Other */,
				7ABAD7F42302E6D400FB23E4 /* Controller */,
				7ABAD7F82302E6D400FB23E4 /* Model */,
				7ABAD7F92302E6D400FB23E4 /* View */,
			);
			path = Classes;
			sourceTree = "<group>";
		};
		7ABAD7F12302E6D400FB23E4 /* Other */ = {
			isa = PBXGroup;
			children = (
				7ABAD8072302F25F00FB23E4 /* PrintBeautifulLog.h */,
				7ABAD8082302F25F00FB23E4 /* PrintBeautifulLog.m */,
				7ABAD8052302EC7D00FB23E4 /* Foundation+Log.m */,
				7ABAD7F22302E6D400FB23E4 /* AppDelegate.h */,
				7ABAD7F32302E6D400FB23E4 /* AppDelegate.m */,
			);
			path = Other;
			sourceTree = "<group>";
		};
		7ABAD7F42302E6D400FB23E4 /* Controller */ = {
			isa = PBXGroup;
			children = (
				7ABAD7F72302E6D400FB23E4 /* ZCViewController.h */,
				7ABAD7F52302E6D400FB23E4 /* ZCViewController.m */,
				7ABAD7F62302E6D400FB23E4 /* ZCViewController.xib */,
			);
			path = Controller;
			sourceTree = "<group>";
		};
		7ABAD7F82302E6D400FB23E4 /* Model */ = {
			isa = PBXGroup;
			children = (
				7ABAD8022302E7C800FB23E4 /* ZCTagModel.h */,
				7ABAD8032302E7C800FB23E4 /* ZCTagModel.m */,
			);
			path = Model;
			sourceTree = "<group>";
		};
		7ABAD7F92302E6D400FB23E4 /* View */ = {
			isa = PBXGroup;
			children = (
				7ABAD7FD2302E70100FB23E4 /* ZCTagCell.h */,
				7ABAD7FE2302E70100FB23E4 /* ZCTagCell.m */,
				7ABAD7FF2302E70100FB23E4 /* ZCTagCell.xib */,
			);
			path = View;
			sourceTree = "<group>";
		};
/* End PBXGroup section */

/* Begin PBXNativeTarget section */
		7A773BA92302DF920038D9E5 /* BothTableViewDemo */ = {
			isa = PBXNativeTarget;
			buildConfigurationList = 7A773BC02302DF930038D9E5 /* Build configuration list for PBXNativeTarget "BothTableViewDemo" */;
			buildPhases = (
				631FBAB7A12F44F1597BDE3C /* [CP] Check Pods Manifest.lock */,
				7A773BA62302DF920038D9E5 /* Sources */,
				7A773BA72302DF920038D9E5 /* Frameworks */,
				7A773BA82302DF920038D9E5 /* Resources */,
				A3662FE628BB35E2A23D8128 /* [CP] Copy Pods Resources */,
			);
			buildRules = (
			);
			dependencies = (
			);
			name = BothTableViewDemo;
			productName = BothTableViewDemo;
			productReference = 7A773BAA2302DF920038D9E5 /* BothTableViewDemo.app */;
			productType = "com.apple.product-type.application";
		};
/* End PBXNativeTarget section */

/* Begin PBXProject section */
		7A773BA22302DF920038D9E5 /* Project object */ = {
			isa = PBXProject;
			attributes = {
				CLASSPREFIX = ZC;
				LastUpgradeCheck = 1030;
				ORGANIZATIONNAME = zouchao;
				TargetAttributes = {
					7A773BA92302DF920038D9E5 = {
						CreatedOnToolsVersion = 10.3;
					};
				};
			};
			buildConfigurationList = 7A773BA52302DF920038D9E5 /* Build configuration list for PBXProject "BothTableViewDemo" */;
			compatibilityVersion = "Xcode 9.3";
			developmentRegion = en;
			hasScannedForEncodings = 0;
			knownRegions = (
				en,
				Base,
			);
			mainGroup = 7A773BA12302DF920038D9E5;
			productRefGroup = 7A773BAB2302DF920038D9E5 /* Products */;
			projectDirPath = "";
			projectRoot = "";
			targets = (
				7A773BA92302DF920038D9E5 /* BothTableViewDemo */,
			);
		};
/* End PBXProject section */

/* Begin PBXResourcesBuildPhase section */
		7A773BA82302DF920038D9E5 /* Resources */ = {
			isa = PBXResourcesBuildPhase;
			buildActionMask = 2147483647;
			files = (
				7A773BB72302DF930038D9E5 /* Assets.xcassets in Resources */,
				7ABAD8012302E70100FB23E4 /* ZCTagCell.xib in Resources */,
				7ABAD7FC2302E6D400FB23E4 /* ZCViewController.xib in Resources */,
			);
			runOnlyForDeploymentPostprocessing = 0;
		};
/* End PBXResourcesBuildPhase section */

/* Begin PBXShellScriptBuildPhase section */
		631FBAB7A12F44F1597BDE3C /* [CP] Check Pods Manifest.lock */ = {
			isa = PBXShellScriptBuildPhase;
			buildActionMask = 2147483647;
			files = (
			);
			inputFileListPaths = (
			);
			inputPaths = (
				"${PODS_PODFILE_DIR_PATH}/Podfile.lock",
				"${PODS_ROOT}/Manifest.lock",
			);
			name = "[CP] Check Pods Manifest.lock";
			outputFileListPaths = (
			);
			outputPaths = (
				"$(DERIVED_FILE_DIR)/Pods-BothTableViewDemo-checkManifestLockResult.txt",
			);
			runOnlyForDeploymentPostprocessing = 0;
			shellPath = /bin/sh;
			shellScript = "diff \"${PODS_PODFILE_DIR_PATH}/Podfile.lock\" \"${PODS_ROOT}/Manifest.lock\" > /dev/null\nif [ $? != 0 ] ; then\n    # print error to STDERR\n    echo \"error: The sandbox is not in sync with the Podfile.lock. Run 'pod install' or update your CocoaPods installation.\" >&2\n    exit 1\nfi\n# This output is used by Xcode 'outputs' to avoid re-running this script phase.\necho \"SUCCESS\" > \"${SCRIPT_OUTPUT_FILE_0}\"\n";
			showEnvVarsInLog = 0;
		};
		A3662FE628BB35E2A23D8128 /* [CP] Copy Pods Resources */ = {
			isa = PBXShellScriptBuildPhase;
			buildActionMask = 2147483647;
			files = (
			);
			inputFileListPaths = (
				"${PODS_ROOT}/Target Support Files/Pods-BothTableViewDemo/Pods-BothTableViewDemo-resources-${CONFIGURATION}-input-files.xcfilelist",
			);
			name = "[CP] Copy Pods Resources";
			outputFileListPaths = (
				"${PODS_ROOT}/Target Support Files/Pods-BothTableViewDemo/Pods-BothTableViewDemo-resources-${CONFIGURATION}-output-files.xcfilelist",
			);
			runOnlyForDeploymentPostprocessing = 0;
			shellPath = /bin/sh;
			shellScript = "\"${PODS_ROOT}/Target Support Files/Pods-BothTableViewDemo/Pods-BothTableViewDemo-resources.sh\"\n";
			showEnvVarsInLog = 0;
		};
/* End PBXShellScriptBuildPhase section */

/* Begin PBXSourcesBuildPhase section */
		7A773BA62302DF920038D9E5 /* Sources */ = {
			isa = PBXSourcesBuildPhase;
			buildActionMask = 2147483647;
			files = (
				7ABAD8042302E7C800FB23E4 /* ZCTagModel.m in Sources */,
				7ABAD7FA2302E6D400FB23E4 /* AppDelegate.m in Sources */,
				7ABAD8092302F25F00FB23E4 /* PrintBeautifulLog.m in Sources */,
				7A773BBD2302DF930038D9E5 /* main.m in Sources */,
				7ABAD7FB2302E6D400FB23E4 /* ZCViewController.m in Sources */,
				7ABAD8002302E70100FB23E4 /* ZCTagCell.m in Sources */,
				7ABAD8062302EC7D00FB23E4 /* Foundation+Log.m in Sources */,
			);
			runOnlyForDeploymentPostprocessing = 0;
		};
/* End PBXSourcesBuildPhase section */

/* Begin XCBuildConfiguration section */
		7A773BBE2302DF930038D9E5 /* Debug */ = {
			isa = XCBuildConfiguration;
			buildSettings = {
				ALWAYS_SEARCH_USER_PATHS = NO;
				CLANG_ANALYZER_NONNULL = YES;
				CLANG_ANALYZER_NUMBER_OBJECT_CONVERSION = YES_AGGRESSIVE;
				CLANG_CXX_LANGUAGE_STANDARD = "gnu++14";
				CLANG_CXX_LIBRARY = "libc++";
				CLANG_ENABLE_MODULES = YES;
				CLANG_ENABLE_OBJC_ARC = YES;
				CLANG_ENABLE_OBJC_WEAK = YES;
				CLANG_WARN_BLOCK_CAPTURE_AUTORELEASING = YES;
				CLANG_WARN_BOOL_CONVERSION = YES;
				CLANG_WARN_COMMA = YES;
				CLANG_WARN_CONSTANT_CONVERSION = YES;
				CLANG_WARN_DEPRECATED_OBJC_IMPLEMENTATIONS = YES;
				CLANG_WARN_DIRECT_OBJC_ISA_USAGE = YES_ERROR;
				CLANG_WARN_DOCUMENTATION_COMMENTS = YES;
				CLANG_WARN_EMPTY_BODY = YES;
				CLANG_WARN_ENUM_CONVERSION = YES;
				CLANG_WARN_INFINITE_RECURSION = YES;
				CLANG_WARN_INT_CONVERSION = YES;
				CLANG_WARN_NON_LITERAL_NULL_CONVERSION = YES;
				CLANG_WARN_OBJC_IMPLICIT_RETAIN_SELF = YES;
				CLANG_WARN_OBJC_LITERAL_CONVERSION = YES;
				CLANG_WARN_OBJC_ROOT_CLASS = YES_ERROR;
				CLANG_WARN_RANGE_LOOP_ANALYSIS = YES;
				CLANG_WARN_STRICT_PROTOTYPES = YES;
				CLANG_WARN_SUSPICIOUS_MOVE = YES;
				CLANG_WARN_UNGUARDED_AVAILABILITY = YES_AGGRESSIVE;
				CLANG_WARN_UNREACHABLE_CODE = YES;
				CLANG_WARN__DUPLICATE_METHOD_MATCH = YES;
				CODE_SIGN_IDENTITY = "iPhone Developer";
				COPY_PHASE_STRIP = NO;
				DEBUG_INFORMATION_FORMAT = dwarf;
				ENABLE_STRICT_OBJC_MSGSEND = YES;
				ENABLE_TESTABILITY = YES;
				GCC_C_LANGUAGE_STANDARD = gnu11;
				GCC_DYNAMIC_NO_PIC = NO;
				GCC_NO_COMMON_BLOCKS = YES;
				GCC_OPTIMIZATION_LEVEL = 0;
				GCC_PREPROCESSOR_DEFINITIONS = (
					"DEBUG=1",
					"$(inherited)",
				);
				GCC_WARN_64_TO_32_BIT_CONVERSION = YES;
				GCC_WARN_ABOUT_RETURN_TYPE = YES_ERROR;
				GCC_WARN_UNDECLARED_SELECTOR = YES;
				GCC_WARN_UNINITIALIZED_AUTOS = YES_AGGRESSIVE;
				GCC_WARN_UNUSED_FUNCTION = YES;
				GCC_WARN_UNUSED_VARIABLE = YES;
				IPHONEOS_DEPLOYMENT_TARGET = 12.4;
				MTL_ENABLE_DEBUG_INFO = INCLUDE_SOURCE;
				MTL_FAST_MATH = YES;
				ONLY_ACTIVE_ARCH = YES;
				SDKROOT = iphoneos;
			};
			name = Debug;
		};
		7A773BBF2302DF930038D9E5 /* Release */ = {
			isa = XCBuildConfiguration;
			buildSettings = {
				ALWAYS_SEARCH_USER_PATHS = NO;
				CLANG_ANALYZER_NONNULL = YES;
				CLANG_ANALYZER_NUMBER_OBJECT_CONVERSION = YES_AGGRESSIVE;
				CLANG_CXX_LANGUAGE_STANDARD = "gnu++14";
				CLANG_CXX_LIBRARY = "libc++";
				CLANG_ENABLE_MODULES = YES;
				CLANG_ENABLE_OBJC_ARC = YES;
				CLANG_ENABLE_OBJC_WEAK = YES;
				CLANG_WARN_BLOCK_CAPTURE_AUTORELEASING = YES;
				CLANG_WARN_BOOL_CONVERSION = YES;
				CLANG_WARN_COMMA = YES;
				CLANG_WARN_CONSTANT_CONVERSION = YES;
				CLANG_WARN_DEPRECATED_OBJC_IMPLEMENTATIONS = YES;
				CLANG_WARN_DIRECT_OBJC_ISA_USAGE = YES_ERROR;
				CLANG_WARN_DOCUMENTATION_COMMENTS = YES;
				CLANG_WARN_EMPTY_BODY = YES;
				CLANG_WARN_ENUM_CONVERSION = YES;
				CLANG_WARN_INFINITE_RECURSION = YES;
				CLANG_WARN_INT_CONVERSION = YES;
				CLANG_WARN_NON_LITERAL_NULL_CONVERSION = YES;
				CLANG_WARN_OBJC_IMPLICIT_RETAIN_SELF = YES;
				CLANG_WARN_OBJC_LITERAL_CONVERSION = YES;
				CLANG_WARN_OBJC_ROOT_CLASS = YES_ERROR;
				CLANG_WARN_RANGE_LOOP_ANALYSIS = YES;
				CLANG_WARN_STRICT_PROTOTYPES = YES;
				CLANG_WARN_SUSPICIOUS_MOVE = YES;
				CLANG_WARN_UNGUARDED_AVAILABILITY = YES_AGGRESSIVE;
				CLANG_WARN_UNREACHABLE_CODE = YES;
				CLANG_WARN__DUPLICATE_METHOD_MATCH = YES;
				CODE_SIGN_IDENTITY = "iPhone Developer";
				COPY_PHASE_STRIP = NO;
				DEBUG_INFORMATION_FORMAT = "dwarf-with-dsym";
				ENABLE_NS_ASSERTIONS = NO;
				ENABLE_STRICT_OBJC_MSGSEND = YES;
				GCC_C_LANGUAGE_STANDARD = gnu11;
				GCC_NO_COMMON_BLOCKS = YES;
				GCC_WARN_64_TO_32_BIT_CONVERSION = YES;
				GCC_WARN_ABOUT_RETURN_TYPE = YES_ERROR;
				GCC_WARN_UNDECLARED_SELECTOR = YES;
				GCC_WARN_UNINITIALIZED_AUTOS = YES_AGGRESSIVE;
				GCC_WARN_UNUSED_FUNCTION = YES;
				GCC_WARN_UNUSED_VARIABLE = YES;
				IPHONEOS_DEPLOYMENT_TARGET = 12.4;
				MTL_ENABLE_DEBUG_INFO = NO;
				MTL_FAST_MATH = YES;
				SDKROOT = iphoneos;
				VALIDATE_PRODUCT = YES;
			};
			name = Release;
		};
		7A773BC12302DF930038D9E5 /* Debug */ = {
			isa = XCBuildConfiguration;
			baseConfigurationReference = EA8F402226E39B42365A86E7 /* Pods-BothTableViewDemo.debug.xcconfig */;
			buildSettings = {
				ASSETCATALOG_COMPILER_APPICON_NAME = AppIcon;
				CODE_SIGN_IDENTITY = "iPhone Developer";
				CODE_SIGN_STYLE = Automatic;
				DEVELOPMENT_TEAM = "";
				INFOPLIST_FILE = BothTableViewDemo/Info.plist;
				IPHONEOS_DEPLOYMENT_TARGET = 8.0;
				LD_RUNPATH_SEARCH_PATHS = (
					"$(inherited)",
					"@executable_path/Frameworks",
				);
				PRODUCT_BUNDLE_IDENTIFIER = com.zouchao.BothTableViewDemo;
				PRODUCT_NAME = "$(TARGET_NAME)";
				PROVISIONING_PROFILE_SPECIFIER = "";
				TARGETED_DEVICE_FAMILY = 1;
			};
			name = Debug;
		};
		7A773BC22302DF930038D9E5 /* Release */ = {
			isa = XCBuildConfiguration;
			baseConfigurationReference = 48BF342744E44EC6ADDA25DA /* Pods-BothTableViewDemo.release.xcconfig */;
			buildSettings = {
				ASSETCATALOG_COMPILER_APPICON_NAME = AppIcon;
				CODE_SIGN_IDENTITY = "iPhone Developer";
				CODE_SIGN_STYLE = Automatic;
				DEVELOPMENT_TEAM = "";
				INFOPLIST_FILE = BothTableViewDemo/Info.plist;
				IPHONEOS_DEPLOYMENT_TARGET = 8.0;
				LD_RUNPATH_SEARCH_PATHS = (
					"$(inherited)",
					"@executable_path/Frameworks",
				);
				PRODUCT_BUNDLE_IDENTIFIER = com.zouchao.BothTableViewDemo;
				PRODUCT_NAME = "$(TARGET_NAME)";
				PROVISIONING_PROFILE_SPECIFIER = "";
				TARGETED_DEVICE_FAMILY = 1;
			};
			name = Release;
		};
/* End XCBuildConfiguration section */

/* Begin XCConfigurationList section */
		7A773BA52302DF920038D9E5 /* Build configuration list for PBXProject "BothTableViewDemo" */ = {
			isa = XCConfigurationList;
			buildConfigurations = (
				7A773BBE2302DF930038D9E5 /* Debug */,
				7A773BBF2302DF930038D9E5 /* Release */,
			);
			defaultConfigurationIsVisible = 0;
			defaultConfigurationName = Release;
		};
		7A773BC02302DF930038D9E5 /* Build configuration list for PBXNativeTarget "BothTableViewDemo" */ = {
			isa = XCConfigurationList;
			buildConfigurations = (
				7A773BC12302DF930038D9E5 /* Debug */,
				7A773BC22302DF930038D9E5 /* Release */,
			);
			defaultConfigurationIsVisible = 0;
			defaultConfigurationName = Release;
		};
/* End XCConfigurationList section */
	};
	rootObject = 7A773BA22302DF920038D9E5 /* Project object */;
}
